
Microsoft Visual Studio Solution File, Format Version 12.00
# Visual Studio Version 16
VisualStudioVersion = 16.0.29613.14
MinimumVisualStudioVersion = 10.0.40219.1
Project("{8BC9CEB8-8B4A-11D0-8D11-00A0C91BC942}") = "DP", "DP.vcxproj", "{2E4B38ED-D3F6-41A0-A0EA-6C8B2D12F874}"
EndProject
Project("{54435603-DBB4-11D2-8724-00A0C9A8B90C}") = "Setup_DP", "..\Setup_DP\Setup_DP.vdproj", "{7F2EA0D2-E3FC-4B20-B472-CAFF24F69A4D}"
EndProject
Global
	GlobalSection(SolutionConfigurationPlatforms) = preSolution
		Debug|x64 = Debug|x64
		Debug|x86 = Debug|x86
		Release|x64 = Release|x64
		Release|x86 = Release|x86
	EndGlobalSection
	GlobalSection(ProjectConfigurationPlatforms) = postSolution
		{2E4B38ED-D3F6-41A0-A0EA-6C8B2D12F874}.Debug|x64.ActiveCfg = Debug|x64
		{2E4B38ED-D3F6-41A0-A0EA-6C8B2D12F874}.Debug|x64.Build.0 = Debug|x64
		{2E4B38ED-D3F6-41A0-A0EA-6C8B2D12F874}.Debug|x86.ActiveCfg = Debug|Win32
		{2E4B38ED-D3F6-41A0-A0EA-6C8B2D12F874}.Debug|x86.Build.0 = Debug|Win32
		{2E4B38ED-D3F6-41A0-A0EA-6C8B2D12F874}.Release|x64.ActiveCfg = Release|x64
		{2E4B38ED-D3F6-41A0-A0EA-6C8B2D12F874}.Release|x64.Build.0 = Release|x64
		{2E4B38ED-D3F6-41A0-A0EA-6C8B2D12F874}.Release|x86.ActiveCfg = Release|Win32
		{2E4B38ED-D3F6-41A0-A0EA-6C8B2D12F874}.Release|x86.Build.0 = Release|Win32
		{7F2EA0D2-E3FC-4B20-B472-CAFF24F69A4D}.Debug|x64.ActiveCfg = Debug
		{7F2EA0D2-E3FC-4B20-B472-CAFF24F69A4D}.Debug|x86.ActiveCfg = Debug
		{7F2EA0D2-E3FC-4B20-B472-CAFF24F69A4D}.Release|x64.ActiveCfg = Release
		{7F2EA0D2-E3FC-4B20-B472-CAFF24F69A4D}.Release|x86.ActiveCfg = Release
	EndGlobalSection
	GlobalSection(SolutionProperties) = preSolution
		HideSolutionNode = FALSE
	EndGlobalSection
	GlobalSection(ExtensibilityGlobals) = postSolution
		SolutionGuid = {861DD838-C7DD-4785-8F63-7373E67DCFCC}
	EndGlobalSection
EndGlobal
